
Microsoft Visual Studio Solution File, Format Version 12.00
# Visual Studio Version 16
VisualStudioVersion = 16.0.31729.503
MinimumVisualStudioVersion = 10.0.40219.1
Project("{9A19103F-16F7-4668-BE54-9A1E7A4F7556}") = "MoqConfigurator", "MoqConfigurator\MoqConfigurator.csproj", "{FC22F956-1D5E-4C72-BFA5-72598580B898}"
EndProject
Global
	GlobalSection(SolutionConfigurationPlatforms) = preSolution
		Debug|Any CPU = Debug|Any CPU
		Release|Any CPU = Release|Any CPU
	EndGlobalSection
	GlobalSection(ProjectConfigurationPlatforms) = postSolution
		{FC22F956-1D5E-4C72-BFA5-72598580B898}.Debug|Any CPU.ActiveCfg = Debug|Any CPU
		{FC22F956-1D5E-4C72-BFA5-72598580B898}.Debug|Any CPU.Build.0 = Debug|Any CPU
		{FC22F956-1D5E-4C72-BFA5-72598580B898}.Release|Any CPU.ActiveCfg = Release|Any CPU
		{FC22F956-1D5E-4C72-BFA5-72598580B898}.Release|Any CPU.Build.0 = Release|Any CPU
	EndGlobalSection
	GlobalSection(SolutionProperties) = preSolution
		HideSolutionNode = FALSE
	EndGlobalSection
	GlobalSection(ExtensibilityGlobals) = postSolution
		SolutionGuid = {C508DEF2-5CA4-4072-B868-8A4661D50716}
	EndGlobalSection
EndGlobal
